
Microsoft Visual Studio Solution File, Format Version 12.00
# Visual Studio Version 17
VisualStudioVersion = 17.14.37027.9 d17.14
MinimumVisualStudioVersion = 10.0.40219.1
Project("{FAE04EC0-301F-11D3-BF4B-00C04F79EFBC}") = "MyFirstWinService", "MyFirstWinService.csproj", "{5073005E-EB4B-4A43-81FC-841F67A3EF8C}"
EndProject
Global
	GlobalSection(SolutionConfigurationPlatforms) = preSolution
		Debug|Any CPU = Debug|Any CPU
		Release|Any CPU = Release|Any CPU
	EndGlobalSection
	GlobalSection(ProjectConfigurationPlatforms) = postSolution
		{5073005E-EB4B-4A43-81FC-841F67A3EF8C}.Debug|Any CPU.ActiveCfg = Debug|Any CPU
		{5073005E-EB4B-4A43-81FC-841F67A3EF8C}.Debug|Any CPU.Build.0 = Debug|Any CPU
		{5073005E-EB4B-4A43-81FC-841F67A3EF8C}.Release|Any CPU.ActiveCfg = Release|Any CPU
		{5073005E-EB4B-4A43-81FC-841F67A3EF8C}.Release|Any CPU.Build.0 = Release|Any CPU
	EndGlobalSection
	GlobalSection(SolutionProperties) = preSolution
		HideSolutionNode = FALSE
	EndGlobalSection
	GlobalSection(ExtensibilityGlobals) = postSolution
		SolutionGuid = {EFD44684-3B48-44AB-9411-4637430A8F3C}
	EndGlobalSection
EndGlobal
